
Microsoft Visual Studio Solution File, Format Version 12.00
# Visual Studio Version 17
VisualStudioVersion = 17.5.33516.290
MinimumVisualStudioVersion = 10.0.40219.1
Project("{FAE04EC0-301F-11D3-BF4B-00C04F79EFBC}") = "Scanner4Sharp", "Scanner4Sharp\Scanner4Sharp.csproj", "{844E54FB-7F1E-4E0F-A4F1-716EA5CBC76D}"
EndProject
Project("{FAE04EC0-301F-11D3-BF4B-00C04F79EFBC}") = "Test", "Test\Test.csproj", "{2F0E6D97-A712-4ED8-84F5-B951106DB4E4}"
EndProject
Global
	GlobalSection(SolutionConfigurationPlatforms) = preSolution
		Debug|Any CPU = Debug|Any CPU
		Release|Any CPU = Release|Any CPU
	EndGlobalSection
	GlobalSection(ProjectConfigurationPlatforms) = postSolution
		{844E54FB-7F1E-4E0F-A4F1-716EA5CBC76D}.Debug|Any CPU.ActiveCfg = Debug|Any CPU
		{844E54FB-7F1E-4E0F-A4F1-716EA5CBC76D}.Debug|Any CPU.Build.0 = Debug|Any CPU
		{844E54FB-7F1E-4E0F-A4F1-716EA5CBC76D}.Release|Any CPU.ActiveCfg = Release|Any CPU
		{844E54FB-7F1E-4E0F-A4F1-716EA5CBC76D}.Release|Any CPU.Build.0 = Release|Any CPU
		{2F0E6D97-A712-4ED8-84F5-B951106DB4E4}.Debug|Any CPU.ActiveCfg = Debug|Any CPU
		{2F0E6D97-A712-4ED8-84F5-B951106DB4E4}.Debug|Any CPU.Build.0 = Debug|Any CPU
		{2F0E6D97-A712-4ED8-84F5-B951106DB4E4}.Release|Any CPU.ActiveCfg = Release|Any CPU
		{2F0E6D97-A712-4ED8-84F5-B951106DB4E4}.Release|Any CPU.Build.0 = Release|Any CPU
	EndGlobalSection
	GlobalSection(SolutionProperties) = preSolution
		HideSolutionNode = FALSE
	EndGlobalSection
	GlobalSection(ExtensibilityGlobals) = postSolution
		SolutionGuid = {FC1D4FEA-5336-4ED9-9B4E-B5D0FE2BA6EC}
	EndGlobalSection
EndGlobal
